
Microsoft Visual Studio Solution File, Format Version 12.00
# Visual Studio 15
VisualStudioVersion = 15.0.28307.168
MinimumVisualStudioVersion = 10.0.40219.1
Project("{FAE04EC0-301F-11D3-BF4B-00C04F79EFBC}") = "Ex01", "Ex01\Ex01.csproj", "{15FC097A-596F-492B-9DE1-977A4213B24E}"
EndProject
Project("{FAE04EC0-301F-11D3-BF4B-00C04F79EFBC}") = "Ex02", "Ex02\Ex02.csproj", "{F9ADC5C2-4624-47AA-B550-D377C40EF7FD}"
EndProject
Global
	GlobalSection(SolutionConfigurationPlatforms) = preSolution
		Debug|Any CPU = Debug|Any CPU
		Debug|ARM = Debug|ARM
		Debug|ARM64 = Debug|ARM64
		Debug|x64 = Debug|x64
		Debug|x86 = Debug|x86
		Release|Any CPU = Release|Any CPU
		Release|ARM = Release|ARM
		Release|ARM64 = Release|ARM64
		Release|x64 = Release|x64
		Release|x86 = Release|x86
	EndGlobalSection
	GlobalSection(ProjectConfigurationPlatforms) = postSolution
		{15FC097A-596F-492B-9DE1-977A4213B24E}.Debug|Any CPU.ActiveCfg = Debug|Any CPU
		{15FC097A-596F-492B-9DE1-977A4213B24E}.Debug|Any CPU.Build.0 = Debug|Any CPU
		{15FC097A-596F-492B-9DE1-977A4213B24E}.Debug|ARM.ActiveCfg = Debug|Any CPU
		{15FC097A-596F-492B-9DE1-977A4213B24E}.Debug|ARM.Build.0 = Debug|Any CPU
		{15FC097A-596F-492B-9DE1-977A4213B24E}.Debug|ARM64.ActiveCfg = Debug|Any CPU
		{15FC097A-596F-492B-9DE1-977A4213B24E}.Debug|ARM64.Build.0 = Debug|Any CPU
		{15FC097A-596F-492B-9DE1-977A4213B24E}.Debug|x64.ActiveCfg = Debug|Any CPU
		{15FC097A-596F-492B-9DE1-977A4213B24E}.Debug|x64.Build.0 = Debug|Any CPU
		{15FC097A-596F-492B-9DE1-977A4213B24E}.Debug|x86.ActiveCfg = Debug|Any CPU
		{15FC097A-596F-492B-9DE1-977A4213B24E}.Debug|x86.Build.0 = Debug|Any CPU
		{15FC097A-596F-492B-9DE1-977A4213B24E}.Release|Any CPU.ActiveCfg = Release|Any CPU
		{15FC097A-596F-492B-9DE1-977A4213B24E}.Release|Any CPU.Build.0 = Release|Any CPU
		{15FC097A-596F-492B-9DE1-977A4213B24E}.Release|ARM.ActiveCfg = Release|Any CPU
		{15FC097A-596F-492B-9DE1-977A4213B24E}.Release|ARM.Build.0 = Release|Any CPU
		{15FC097A-596F-492B-9DE1-977A4213B24E}.Release|ARM64.ActiveCfg = Release|Any CPU
		{15FC097A-596F-492B-9DE1-977A4213B24E}.Release|ARM64.Build.0 = Release|Any CPU
		{15FC097A-596F-492B-9DE1-977A4213B24E}.Release|x64.ActiveCfg = Release|Any CPU
		{15FC097A-596F-492B-9DE1-977A4213B24E}.Release|x64.Build.0 = Release|Any CPU
		{15FC097A-596F-492B-9DE1-977A4213B24E}.Release|x86.ActiveCfg = Release|Any CPU
		{15FC097A-596F-492B-9DE1-977A4213B24E}.Release|x86.Build.0 = Release|Any CPU
		{F9ADC5C2-4624-47AA-B550-D377C40EF7FD}.Debug|Any CPU.ActiveCfg = Debug|Any CPU
		{F9ADC5C2-4624-47AA-B550-D377C40EF7FD}.Debug|Any CPU.Build.0 = Debug|Any CPU
		{F9ADC5C2-4624-47AA-B550-D377C40EF7FD}.Debug|ARM.ActiveCfg = Debug|Any CPU
		{F9ADC5C2-4624-47AA-B550-D377C40EF7FD}.Debug|ARM.Build.0 = Debug|Any CPU
		{F9ADC5C2-4624-47AA-B550-D377C40EF7FD}.Debug|ARM64.ActiveCfg = Debug|Any CPU
		{F9ADC5C2-4624-47AA-B550-D377C40EF7FD}.Debug|ARM64.Build.0 = Debug|Any CPU
		{F9ADC5C2-4624-47AA-B550-D377C40EF7FD}.Debug|x64.ActiveCfg = Debug|Any CPU
		{F9ADC5C2-4624-47AA-B550-D377C40EF7FD}.Debug|x64.Build.0 = Debug|Any CPU
		{F9ADC5C2-4624-47AA-B550-D377C40EF7FD}.Debug|x86.ActiveCfg = Debug|Any CPU
		{F9ADC5C2-4624-47AA-B550-D377C40EF7FD}.Debug|x86.Build.0 = Debug|Any CPU
		{F9ADC5C2-4624-47AA-B550-D377C40EF7FD}.Release|Any CPU.ActiveCfg = Release|Any CPU
		{F9ADC5C2-4624-47AA-B550-D377C40EF7FD}.Release|Any CPU.Build.0 = Release|Any CPU
		{F9ADC5C2-4624-47AA-B550-D377C40EF7FD}.Release|ARM.ActiveCfg = Release|Any CPU
		{F9ADC5C2-4624-47AA-B550-D377C40EF7FD}.Release|ARM.Build.0 = Release|Any CPU
		{F9ADC5C2-4624-47AA-B550-D377C40EF7FD}.Release|ARM64.ActiveCfg = Release|Any CPU
		{F9ADC5C2-4624-47AA-B550-D377C40EF7FD}.Release|ARM64.Build.0 = Release|Any CPU
		{F9ADC5C2-4624-47AA-B550-D377C40EF7FD}.Release|x64.ActiveCfg = Release|Any CPU
		{F9ADC5C2-4624-47AA-B550-D377C40EF7FD}.Release|x64.Build.0 = Release|Any CPU
		{F9ADC5C2-4624-47AA-B550-D377C40EF7FD}.Release|x86.ActiveCfg = Release|Any CPU
		{F9ADC5C2-4624-47AA-B550-D377C40EF7FD}.Release|x86.Build.0 = Release|Any CPU
	EndGlobalSection
	GlobalSection(SolutionProperties) = preSolution
		HideSolutionNode = FALSE
	EndGlobalSection
	GlobalSection(ExtensibilityGlobals) = postSolution
		SolutionGuid = {1748E8E5-9116-47F8-A4CD-8C2158D3F4E1}
	EndGlobalSection
EndGlobal
